
Microsoft Visual Studio Solution File, Format Version 12.00
# Visual Studio Version 17
VisualStudioVersion = 17.3.32804.467
MinimumVisualStudioVersion = 10.0.40219.1
Project("{FAE04EC0-301F-11D3-BF4B-00C04F79EFBC}") = "ötleadó", "ötleadó\ötleadó.csproj", "{DD86EDCC-414E-4E74-9EE0-677546F730A1}"
EndProject
Global
	GlobalSection(SolutionConfigurationPlatforms) = preSolution
		Debug|Any CPU = Debug|Any CPU
		Release|Any CPU = Release|Any CPU
	EndGlobalSection
	GlobalSection(ProjectConfigurationPlatforms) = postSolution
		{DD86EDCC-414E-4E74-9EE0-677546F730A1}.Debug|Any CPU.ActiveCfg = Debug|Any CPU
		{DD86EDCC-414E-4E74-9EE0-677546F730A1}.Debug|Any CPU.Build.0 = Debug|Any CPU
		{DD86EDCC-414E-4E74-9EE0-677546F730A1}.Release|Any CPU.ActiveCfg = Release|Any CPU
		{DD86EDCC-414E-4E74-9EE0-677546F730A1}.Release|Any CPU.Build.0 = Release|Any CPU
	EndGlobalSection
	GlobalSection(SolutionProperties) = preSolution
		HideSolutionNode = FALSE
	EndGlobalSection
	GlobalSection(ExtensibilityGlobals) = postSolution
		SolutionGuid = {217E88B5-464D-4026-BBE3-1C86097E0EC1}
	EndGlobalSection
EndGlobal
